
Microsoft Visual Studio Solution File, Format Version 12.00
# Visual Studio Version 17
VisualStudioVersion = 17.5.33424.131
MinimumVisualStudioVersion = 10.0.40219.1
Project("{FAE04EC0-301F-11D3-BF4B-00C04F79EFBC}") = "ZooApp2023March", "ZooApp2023March\ZooApp2023March.csproj", "{3708FC61-01CD-47D0-8283-8E82090E8441}"
EndProject
Global
	GlobalSection(SolutionConfigurationPlatforms) = preSolution
		Debug|Any CPU = Debug|Any CPU
		Release|Any CPU = Release|Any CPU
	EndGlobalSection
	GlobalSection(ProjectConfigurationPlatforms) = postSolution
		{3708FC61-01CD-47D0-8283-8E82090E8441}.Debug|Any CPU.ActiveCfg = Debug|Any CPU
		{3708FC61-01CD-47D0-8283-8E82090E8441}.Debug|Any CPU.Build.0 = Debug|Any CPU
		{3708FC61-01CD-47D0-8283-8E82090E8441}.Release|Any CPU.ActiveCfg = Release|Any CPU
		{3708FC61-01CD-47D0-8283-8E82090E8441}.Release|Any CPU.Build.0 = Release|Any CPU
	EndGlobalSection
	GlobalSection(SolutionProperties) = preSolution
		HideSolutionNode = FALSE
	EndGlobalSection
	GlobalSection(ExtensibilityGlobals) = postSolution
		SolutionGuid = {43AAB671-7DF9-4E47-BE16-DB568AA671FE}
	EndGlobalSection
EndGlobal
